
Microsoft Visual Studio Solution File, Format Version 12.00
# Visual Studio Version 16
VisualStudioVersion = 16.0.31410.357
MinimumVisualStudioVersion = 10.0.40219.1
Project("{FAE04EC0-301F-11D3-BF4B-00C04F79EFBC}") = "HW.10.Task1", "HW.10.Task1\HW.10.Task1.csproj", "{5B636018-1672-4E36-82C4-77E1A113BB98}"
EndProject
Project("{FAE04EC0-301F-11D3-BF4B-00C04F79EFBC}") = "HW.10.Task2", "HW.10.Task2\HW.10.Task2.csproj", "{BD7B1B02-6482-4AEE-8AC6-549BEE28D7A4}"
EndProject
Project("{FAE04EC0-301F-11D3-BF4B-00C04F79EFBC}") = "HW.10.Task3", "HW.10.Task3\HW.10.Task3.csproj", "{2A45D9F2-04BC-47E6-8339-C5C1323F9197}"
EndProject
Global
	GlobalSection(SolutionConfigurationPlatforms) = preSolution
		Debug|Any CPU = Debug|Any CPU
		Release|Any CPU = Release|Any CPU
	EndGlobalSection
	GlobalSection(ProjectConfigurationPlatforms) = postSolution
		{5B636018-1672-4E36-82C4-77E1A113BB98}.Debug|Any CPU.ActiveCfg = Debug|Any CPU
		{5B636018-1672-4E36-82C4-77E1A113BB98}.Debug|Any CPU.Build.0 = Debug|Any CPU
		{5B636018-1672-4E36-82C4-77E1A113BB98}.Release|Any CPU.ActiveCfg = Release|Any CPU
		{5B636018-1672-4E36-82C4-77E1A113BB98}.Release|Any CPU.Build.0 = Release|Any CPU
		{BD7B1B02-6482-4AEE-8AC6-549BEE28D7A4}.Debug|Any CPU.ActiveCfg = Debug|Any CPU
		{BD7B1B02-6482-4AEE-8AC6-549BEE28D7A4}.Debug|Any CPU.Build.0 = Debug|Any CPU
		{BD7B1B02-6482-4AEE-8AC6-549BEE28D7A4}.Release|Any CPU.ActiveCfg = Release|Any CPU
		{BD7B1B02-6482-4AEE-8AC6-549BEE28D7A4}.Release|Any CPU.Build.0 = Release|Any CPU
		{2A45D9F2-04BC-47E6-8339-C5C1323F9197}.Debug|Any CPU.ActiveCfg = Debug|Any CPU
		{2A45D9F2-04BC-47E6-8339-C5C1323F9197}.Debug|Any CPU.Build.0 = Debug|Any CPU
		{2A45D9F2-04BC-47E6-8339-C5C1323F9197}.Release|Any CPU.ActiveCfg = Release|Any CPU
		{2A45D9F2-04BC-47E6-8339-C5C1323F9197}.Release|Any CPU.Build.0 = Release|Any CPU
	EndGlobalSection
	GlobalSection(SolutionProperties) = preSolution
		HideSolutionNode = FALSE
	EndGlobalSection
	GlobalSection(ExtensibilityGlobals) = postSolution
		SolutionGuid = {3B09674F-58EF-4E9A-A26E-ED137D58CF7B}
	EndGlobalSection
EndGlobal
