
Microsoft Visual Studio Solution File, Format Version 12.00
# Visual Studio Version 16
VisualStudioVersion = 16.0.31410.357
MinimumVisualStudioVersion = 10.0.40219.1
Project("{9A19103F-16F7-4668-BE54-9A1E7A4F7556}") = "HW.09.Task1", "HW.09.Task1.csproj", "{452C56DF-D3C1-4190-8416-A46146101C46}"
EndProject
Project("{FAE04EC0-301F-11D3-BF4B-00C04F79EFBC}") = "HW.09.Task2", "..\HW.09.Task2\HW.09.Task2.csproj", "{AEE23D0E-8FD7-4527-9706-C765497F2234}"
EndProject
Project("{FAE04EC0-301F-11D3-BF4B-00C04F79EFBC}") = "HW.09.Booking.com", "..\HW.09.Booking.com\HW.09.Booking.com.csproj", "{13737F64-7BA2-4BD9-8FE9-7449E039FC37}"
EndProject
Global
	GlobalSection(SolutionConfigurationPlatforms) = preSolution
		Debug|Any CPU = Debug|Any CPU
		Release|Any CPU = Release|Any CPU
	EndGlobalSection
	GlobalSection(ProjectConfigurationPlatforms) = postSolution
		{452C56DF-D3C1-4190-8416-A46146101C46}.Debug|Any CPU.ActiveCfg = Debug|Any CPU
		{452C56DF-D3C1-4190-8416-A46146101C46}.Debug|Any CPU.Build.0 = Debug|Any CPU
		{452C56DF-D3C1-4190-8416-A46146101C46}.Release|Any CPU.ActiveCfg = Release|Any CPU
		{452C56DF-D3C1-4190-8416-A46146101C46}.Release|Any CPU.Build.0 = Release|Any CPU
		{AEE23D0E-8FD7-4527-9706-C765497F2234}.Debug|Any CPU.ActiveCfg = Debug|Any CPU
		{AEE23D0E-8FD7-4527-9706-C765497F2234}.Debug|Any CPU.Build.0 = Debug|Any CPU
		{AEE23D0E-8FD7-4527-9706-C765497F2234}.Release|Any CPU.ActiveCfg = Release|Any CPU
		{AEE23D0E-8FD7-4527-9706-C765497F2234}.Release|Any CPU.Build.0 = Release|Any CPU
		{13737F64-7BA2-4BD9-8FE9-7449E039FC37}.Debug|Any CPU.ActiveCfg = Debug|Any CPU
		{13737F64-7BA2-4BD9-8FE9-7449E039FC37}.Debug|Any CPU.Build.0 = Debug|Any CPU
		{13737F64-7BA2-4BD9-8FE9-7449E039FC37}.Release|Any CPU.ActiveCfg = Release|Any CPU
		{13737F64-7BA2-4BD9-8FE9-7449E039FC37}.Release|Any CPU.Build.0 = Release|Any CPU
	EndGlobalSection
	GlobalSection(SolutionProperties) = preSolution
		HideSolutionNode = FALSE
	EndGlobalSection
	GlobalSection(ExtensibilityGlobals) = postSolution
		SolutionGuid = {4C432DB7-BC37-42AE-987D-F2DB968427FE}
	EndGlobalSection
EndGlobal
