
Microsoft Visual Studio Solution File, Format Version 12.00
# Visual Studio Version 16
VisualStudioVersion = 16.0.31410.357
MinimumVisualStudioVersion = 10.0.40219.1
Project("{9A19103F-16F7-4668-BE54-9A1E7A4F7556}") = "HW.05.Task1", "HW.05.Task1.csproj", "{E353BCA0-BB93-4399-9941-9157EB6A0A89}"
EndProject
Global
	GlobalSection(SolutionConfigurationPlatforms) = preSolution
		Debug|Any CPU = Debug|Any CPU
		Release|Any CPU = Release|Any CPU
	EndGlobalSection
	GlobalSection(ProjectConfigurationPlatforms) = postSolution
		{E353BCA0-BB93-4399-9941-9157EB6A0A89}.Debug|Any CPU.ActiveCfg = Debug|Any CPU
		{E353BCA0-BB93-4399-9941-9157EB6A0A89}.Debug|Any CPU.Build.0 = Debug|Any CPU
		{E353BCA0-BB93-4399-9941-9157EB6A0A89}.Release|Any CPU.ActiveCfg = Release|Any CPU
		{E353BCA0-BB93-4399-9941-9157EB6A0A89}.Release|Any CPU.Build.0 = Release|Any CPU
	EndGlobalSection
	GlobalSection(SolutionProperties) = preSolution
		HideSolutionNode = FALSE
	EndGlobalSection
	GlobalSection(ExtensibilityGlobals) = postSolution
		SolutionGuid = {B9A4C39A-DCDD-4259-9DAF-D3C643F836C6}
	EndGlobalSection
EndGlobal
