
Microsoft Visual Studio Solution File, Format Version 12.00
# Visual Studio Version 16
VisualStudioVersion = 16.0.31410.357
MinimumVisualStudioVersion = 10.0.40219.1
Project("{9A19103F-16F7-4668-BE54-9A1E7A4F7556}") = "HW.11.Task1", "HW.11.Task1\HW.11.Task1.csproj", "{3AB4F1AA-270F-4251-9AB0-2A57CC38E2E1}"
EndProject
Project("{FAE04EC0-301F-11D3-BF4B-00C04F79EFBC}") = "HW.11.Task2", "HW.11.Task2\HW.11.Task2.csproj", "{74CB9096-C604-42A4-8724-E7AAB6BEF39F}"
EndProject
Global
	GlobalSection(SolutionConfigurationPlatforms) = preSolution
		Debug|Any CPU = Debug|Any CPU
		Release|Any CPU = Release|Any CPU
	EndGlobalSection
	GlobalSection(ProjectConfigurationPlatforms) = postSolution
		{3AB4F1AA-270F-4251-9AB0-2A57CC38E2E1}.Debug|Any CPU.ActiveCfg = Debug|Any CPU
		{3AB4F1AA-270F-4251-9AB0-2A57CC38E2E1}.Debug|Any CPU.Build.0 = Debug|Any CPU
		{3AB4F1AA-270F-4251-9AB0-2A57CC38E2E1}.Release|Any CPU.ActiveCfg = Release|Any CPU
		{3AB4F1AA-270F-4251-9AB0-2A57CC38E2E1}.Release|Any CPU.Build.0 = Release|Any CPU
		{74CB9096-C604-42A4-8724-E7AAB6BEF39F}.Debug|Any CPU.ActiveCfg = Debug|Any CPU
		{74CB9096-C604-42A4-8724-E7AAB6BEF39F}.Debug|Any CPU.Build.0 = Debug|Any CPU
		{74CB9096-C604-42A4-8724-E7AAB6BEF39F}.Release|Any CPU.ActiveCfg = Release|Any CPU
		{74CB9096-C604-42A4-8724-E7AAB6BEF39F}.Release|Any CPU.Build.0 = Release|Any CPU
	EndGlobalSection
	GlobalSection(SolutionProperties) = preSolution
		HideSolutionNode = FALSE
	EndGlobalSection
	GlobalSection(ExtensibilityGlobals) = postSolution
		SolutionGuid = {625C5211-A996-49D7-B6A8-614BA0AC8806}
	EndGlobalSection
EndGlobal
