
Microsoft Visual Studio Solution File, Format Version 12.00
# Visual Studio Version 16
VisualStudioVersion = 16.0.31410.357
MinimumVisualStudioVersion = 10.0.40219.1
Project("{9A19103F-16F7-4668-BE54-9A1E7A4F7556}") = "HW.14.Task1", "HW.14.Task1\HW.14.Task1.csproj", "{A3EE27E5-705C-4BC1-8846-35F6BE5B3F08}"
EndProject
Project("{9A19103F-16F7-4668-BE54-9A1E7A4F7556}") = "HW.14.Task2", "HW.14.Task2\HW.14.Task2.csproj", "{C254A85B-CD55-4859-A3A1-851BED04FD8E}"
EndProject
Global
	GlobalSection(SolutionConfigurationPlatforms) = preSolution
		Debug|Any CPU = Debug|Any CPU
		Release|Any CPU = Release|Any CPU
	EndGlobalSection
	GlobalSection(ProjectConfigurationPlatforms) = postSolution
		{A3EE27E5-705C-4BC1-8846-35F6BE5B3F08}.Debug|Any CPU.ActiveCfg = Debug|Any CPU
		{A3EE27E5-705C-4BC1-8846-35F6BE5B3F08}.Debug|Any CPU.Build.0 = Debug|Any CPU
		{A3EE27E5-705C-4BC1-8846-35F6BE5B3F08}.Release|Any CPU.ActiveCfg = Release|Any CPU
		{A3EE27E5-705C-4BC1-8846-35F6BE5B3F08}.Release|Any CPU.Build.0 = Release|Any CPU
		{C254A85B-CD55-4859-A3A1-851BED04FD8E}.Debug|Any CPU.ActiveCfg = Debug|Any CPU
		{C254A85B-CD55-4859-A3A1-851BED04FD8E}.Debug|Any CPU.Build.0 = Debug|Any CPU
		{C254A85B-CD55-4859-A3A1-851BED04FD8E}.Release|Any CPU.ActiveCfg = Release|Any CPU
		{C254A85B-CD55-4859-A3A1-851BED04FD8E}.Release|Any CPU.Build.0 = Release|Any CPU
	EndGlobalSection
	GlobalSection(SolutionProperties) = preSolution
		HideSolutionNode = FALSE
	EndGlobalSection
	GlobalSection(ExtensibilityGlobals) = postSolution
		SolutionGuid = {C16CAA3E-62E1-44ED-83DB-FEC7FA79C36C}
	EndGlobalSection
EndGlobal
